github.com/hb-0/testgo1 v0.0.0-20240105081201-693288ac7752 h1:CGxKQHf0v23TxTEGcO7ScHMtR0oFY3AtLhv9opsx3v0=
github.com/hb-0/testgo1 v0.0.0-20240105081201-693288ac7752/go.mod h1:e1hTjiiQJrk0FMYYW9fqsKZzp/brmccbsg7Ov9c0NV8=
github.com/hb-0/testgo1 v0.0.0-20240217054011-186a7bb25cb8 h1:/WUb1I9cMwZOKL8WqLVsH1RsYyHCeycA0RTSNf3VOwU=
github.com/hb-0/testgo1 v0.0.0-20240217054011-186a7bb25cb8/go.mod h1:e1hTjiiQJrk0FMYYW9fqsKZzp/brmccbsg7Ov9c0NV8=
